
Microsoft Visual Studio Solution File, Format Version 12.00
# Visual Studio Version 17
VisualStudioVersion = 17.10.34902.84
MinimumVisualStudioVersion = 10.0.40219.1
Project("{FAE04EC0-301F-11D3-BF4B-00C04F79EFBC}") = "orthoplane", "orthoplane.csproj", "{04D6EA17-9909-4B4B-B254-DD5916060C63}"
EndProject
Global
	GlobalSection(SolutionConfigurationPlatforms) = preSolution
		Debug|Any CPU = Debug|Any CPU
		Release|Any CPU = Release|Any CPU
	EndGlobalSection
	GlobalSection(ProjectConfigurationPlatforms) = postSolution
		{04D6EA17-9909-4B4B-B254-DD5916060C63}.Debug|Any CPU.ActiveCfg = Debug|Any CPU
		{04D6EA17-9909-4B4B-B254-DD5916060C63}.Debug|Any CPU.Build.0 = Debug|Any CPU
		{04D6EA17-9909-4B4B-B254-DD5916060C63}.Release|Any CPU.ActiveCfg = Release|Any CPU
		{04D6EA17-9909-4B4B-B254-DD5916060C63}.Release|Any CPU.Build.0 = Release|Any CPU
	EndGlobalSection
	GlobalSection(SolutionProperties) = preSolution
		HideSolutionNode = FALSE
	EndGlobalSection
	GlobalSection(ExtensibilityGlobals) = postSolution
		SolutionGuid = {E338351E-E829-4827-99B5-85E6D57F2693}
	EndGlobalSection
EndGlobal
